// !$*UTF8*$!
{
	archiveVersion = 1;
	classes = {
	};
	objectVersion = 46;
	objects = {

/* Begin PBXBuildFile section */
		0414A3551909890F00D23472 /* HAAgentViewController.m in Sources */ = {isa = PBXBuildFile; fileRef = 0414A3541909890F00D23472 /* HAAgentViewController.m */; };
		0414A35919098BFB00D23472 /* HAAgent.m in Sources */ = {isa = PBXBuildFile; fileRef = 0414A35819098BFB00D23472 /* HAAgent.m */; };
		0414A35D19098FBB00D23472 /* HAAgentService.m in Sources */ = {isa = PBXBuildFile; fileRef = 0414A35C19098FBB00D23472 /* HAAgentService.m */; };
		043F17AC1901A37900D23C3F /* HACallUserView.m in Sources */ = {isa = PBXBuildFile; fileRef = 043F17A918FC30BB00D23C3F /* HACallUserView.m */; };
		04CFDD4C1945AD5500391C21 /* HAFirstProfilViewController.m in Sources */ = {isa = PBXBuildFile; fileRef = 04CFDD4B1945AD5500391C21 /* HAFirstProfilViewController.m */; };
		04D14F2A19366D2100ED1B27 /* EIUserProfilViewController.m in Sources */ = {isa = PBXBuildFile; fileRef = 04D14F2919366D2100ED1B27 /* EIUserProfilViewController.m */; };
		22085DDD18883EAE00A4BE75 /* CoreLocation.framework in Frameworks */ = {isa = PBXBuildFile; fileRef = 22085DDC18883EAE00A4BE75 /* CoreLocation.framework */; };
		22130BFF188964C200191955 /* MapKit.framework in Frameworks */ = {isa = PBXBuildFile; fileRef = 22130BFE188964C200191955 /* MapKit.framework */; };
		22130C02188966E500191955 /* HALocalisation.m in Sources */ = {isa = PBXBuildFile; fileRef = 22130C01188966E500191955 /* HALocalisation.m */; };
		222E375C18BA521C00E3B720 /* HAHelpViewController.m in Sources */ = {isa = PBXBuildFile; fileRef = 222E375B18BA521C00E3B720 /* HAHelpViewController.m */; };
		222E375D18BA521C00E3B720 /* HAHelpViewController.m in Sources */ = {isa = PBXBuildFile; fileRef = 222E375B18BA521C00E3B720 /* HAHelpViewController.m */; };
		222E375E18BA52E100E3B720 /* Main.storyboard in Resources */ = {isa = PBXBuildFile; fileRef = 22601F151886E2DE008B0179 /* Main.storyboard */; };
		222E376118BA5B2F00E3B720 /* HALogViewController.m in Sources */ = {isa = PBXBuildFile; fileRef = 222E376018BA5B2F00E3B720 /* HALogViewController.m */; };
		222E376218BA5B2F00E3B720 /* HALogViewController.m in Sources */ = {isa = PBXBuildFile; fileRef = 222E376018BA5B2F00E3B720 /* HALogViewController.m */; };
		2244C95618FA8B55000B3C33 /* profil.jpg in Resources */ = {isa = PBXBuildFile; fileRef = 2244C95518FA8B55000B3C33 /* profil.jpg */; };
		2244C95718FA8B55000B3C33 /* profil.jpg in Resources */ = {isa = PBXBuildFile; fileRef = 2244C95518FA8B55000B3C33 /* profil.jpg */; };
		2244C95818FA8B55000B3C33 /* profil.jpg in Resources */ = {isa = PBXBuildFile; fileRef = 2244C95518FA8B55000B3C33 /* profil.jpg */; };
		224CD30419433D8800ACEEE9 /* Avenir.ttc in Resources */ = {isa = PBXBuildFile; fileRef = 224CD30319433D8800ACEEE9 /* Avenir.ttc */; };
		224CD30519433D8800ACEEE9 /* Avenir.ttc in Resources */ = {isa = PBXBuildFile; fileRef = 224CD30319433D8800ACEEE9 /* Avenir.ttc */; };
		22601F041886E2DE008B0179 /* Foundation.framework in Frameworks */ = {isa = PBXBuildFile; fileRef = 22601F031886E2DE008B0179 /* Foundation.framework */; };
		22601F061886E2DE008B0179 /* CoreGraphics.framework in Frameworks */ = {isa = PBXBuildFile; fileRef = 22601F051886E2DE008B0179 /* CoreGraphics.framework */; };
		22601F081886E2DE008B0179 /* UIKit.framework in Frameworks */ = {isa = PBXBuildFile; fileRef = 22601F071886E2DE008B0179 /* UIKit.framework */; };
		22601F0E1886E2DE008B0179 /* InfoPlist.strings in Resources */ = {isa = PBXBuildFile; fileRef = 22601F0C1886E2DE008B0179 /* InfoPlist.strings */; };
		22601F101886E2DE008B0179 /* main.m in Sources */ = {isa = PBXBuildFile; fileRef = 22601F0F1886E2DE008B0179 /* main.m */; };
		22601F141886E2DE008B0179 /* AppDelegate.m in Sources */ = {isa = PBXBuildFile; fileRef = 22601F131886E2DE008B0179 /* AppDelegate.m */; };
		22601F171886E2DE008B0179 /* Main.storyboard in Resources */ = {isa = PBXBuildFile; fileRef = 22601F151886E2DE008B0179 /* Main.storyboard */; };
		22601F1C1886E2DE008B0179 /* Images.xcassets in Resources */ = {isa = PBXBuildFile; fileRef = 22601F1B1886E2DE008B0179 /* Images.xcassets */; };
		22601F231886E2DE008B0179 /* XCTest.framework in Frameworks */ = {isa = PBXBuildFile; fileRef = 22601F221886E2DE008B0179 /* XCTest.framework */; };
		22601F241886E2DE008B0179 /* Foundation.framework in Frameworks */ = {isa = PBXBuildFile; fileRef = 22601F031886E2DE008B0179 /* Foundation.framework */; };
		22601F251886E2DE008B0179 /* UIKit.framework in Frameworks */ = {isa = PBXBuildFile; fileRef = 22601F071886E2DE008B0179 /* UIKit.framework */; };
		22601F2D1886E2DE008B0179 /* InfoPlist.strings in Resources */ = {isa = PBXBuildFile; fileRef = 22601F2B1886E2DE008B0179 /* InfoPlist.strings */; };
		22601F2F1886E2DE008B0179 /* HackcessAngelsTests.m in Sources */ = {isa = PBXBuildFile; fileRef = 22601F2E1886E2DE008B0179 /* HackcessAngelsTests.m */; };
		22601F3F18871EAC008B0179 /* HATileOverlay.m in Sources */ = {isa = PBXBuildFile; fileRef = 22601F3C18871EAC008B0179 /* HATileOverlay.m */; };
		22601F4018871EAC008B0179 /* HATileOverlayView.m in Sources */ = {isa = PBXBuildFile; fileRef = 22601F3E18871EAC008B0179 /* HATileOverlayView.m */; };
		228D8F01190FE53B002AE6E2 /* HAUser.m in Sources */ = {isa = PBXBuildFile; fileRef = A1330B0618AD62B5002B1828 /* HAUser.m */; };
		228D8F02190FE5A0002AE6E2 /* HAUserService.m in Sources */ = {isa = PBXBuildFile; fileRef = 8FCE639E18AD5E3E00D4C957 /* HAUserService.m */; };
		228D8F03190FE5D2002AE6E2 /* HAUser.m in Sources */ = {isa = PBXBuildFile; fileRef = A1330B0618AD62B5002B1828 /* HAUser.m */; };
		228D8F06190FE830002AE6E2 /* HARequestsService.m in Sources */ = {isa = PBXBuildFile; fileRef = 228D8F05190FE830002AE6E2 /* HARequestsService.m */; };
		2297633818E4A58400CDE26A /* Main.storyboard in Resources */ = {isa = PBXBuildFile; fileRef = 22601F151886E2DE008B0179 /* Main.storyboard */; };
		229BEE401968450500D25B89 /* assistance.html in Resources */ = {isa = PBXBuildFile; fileRef = 229BEE331968450500D25B89 /* assistance.html */; };
		229BEE411968450500D25B89 /* assistance.html in Resources */ = {isa = PBXBuildFile; fileRef = 229BEE331968450500D25B89 /* assistance.html */; };
		229BEE421968450500D25B89 /* cgu.html in Resources */ = {isa = PBXBuildFile; fileRef = 229BEE341968450500D25B89 /* cgu.html */; };
		229BEE431968450500D25B89 /* cgu.html in Resources */ = {isa = PBXBuildFile; fileRef = 229BEE341968450500D25B89 /* cgu.html */; };
		229BEE441968450500D25B89 /* AvenirBlack.eot in Resources */ = {isa = PBXBuildFile; fileRef = 229BEE361968450500D25B89 /* AvenirBlack.eot */; };
		229BEE451968450500D25B89 /* AvenirBlack.eot in Resources */ = {isa = PBXBuildFile; fileRef = 229BEE361968450500D25B89 /* AvenirBlack.eot */; };
		229BEE461968450500D25B89 /* AvenirBlack.ttf in Resources */ = {isa = PBXBuildFile; fileRef = 229BEE371968450500D25B89 /* AvenirBlack.ttf */; };
		229BEE471968450500D25B89 /* AvenirBlack.ttf in Resources */ = {isa = PBXBuildFile; fileRef = 229BEE371968450500D25B89 /* AvenirBlack.ttf */; };
		229BEE481968450500D25B89 /* AvenirBlack.woff in Resources */ = {isa = PBXBuildFile; fileRef = 229BEE381968450500D25B89 /* AvenirBlack.woff */; };
		229BEE491968450500D25B89 /* AvenirBlack.woff in Resources */ = {isa = PBXBuildFile; fileRef = 229BEE381968450500D25B89 /* AvenirBlack.woff */; };
		229BEE4A1968450500D25B89 /* AvenirRoman.eot in Resources */ = {isa = PBXBuildFile; fileRef = 229BEE391968450500D25B89 /* AvenirRoman.eot */; };
		229BEE4B1968450500D25B89 /* AvenirRoman.eot in Resources */ = {isa = PBXBuildFile; fileRef = 229BEE391968450500D25B89 /* AvenirRoman.eot */; };
		229BEE4C1968450500D25B89 /* AvenirRoman.svg in Resources */ = {isa = PBXBuildFile; fileRef = 229BEE3A1968450500D25B89 /* AvenirRoman.svg */; };
		229BEE4D1968450500D25B89 /* AvenirRoman.svg in Resources */ = {isa = PBXBuildFile; fileRef = 229BEE3A1968450500D25B89 /* AvenirRoman.svg */; };
		229BEE4E1968450500D25B89 /* AvenirRoman.ttf in Resources */ = {isa = PBXBuildFile; fileRef = 229BEE3B1968450500D25B89 /* AvenirRoman.ttf */; };
		229BEE4F1968450500D25B89 /* AvenirRoman.ttf in Resources */ = {isa = PBXBuildFile; fileRef = 229BEE3B1968450500D25B89 /* AvenirRoman.ttf */; };
		229BEE501968450500D25B89 /* AvenirRoman.woff in Resources */ = {isa = PBXBuildFile; fileRef = 229BEE3C1968450500D25B89 /* AvenirRoman.woff */; };
		229BEE511968450500D25B89 /* AvenirRoman.woff in Resources */ = {isa = PBXBuildFile; fileRef = 229BEE3C1968450500D25B89 /* AvenirRoman.woff */; };
		229BEE521968450500D25B89 /* modernpics-webfont.eot in Resources */ = {isa = PBXBuildFile; fileRef = 229BEE3D1968450500D25B89 /* modernpics-webfont.eot */; };
		229BEE531968450500D25B89 /* modernpics-webfont.eot in Resources */ = {isa = PBXBuildFile; fileRef = 229BEE3D1968450500D25B89 /* modernpics-webfont.eot */; };
		229BEE541968450500D25B89 /* style.css in Resources */ = {isa = PBXBuildFile; fileRef = 229BEE3E1968450500D25B89 /* style.css */; };
		229BEE551968450500D25B89 /* style.css in Resources */ = {isa = PBXBuildFile; fileRef = 229BEE3E1968450500D25B89 /* style.css */; };
		229BEE561968450500D25B89 /* uinfos.html in Resources */ = {isa = PBXBuildFile; fileRef = 229BEE3F1968450500D25B89 /* uinfos.html */; };
		229BEE571968450500D25B89 /* uinfos.html in Resources */ = {isa = PBXBuildFile; fileRef = 229BEE3F1968450500D25B89 /* uinfos.html */; };
		22A90D691945B169007D116F /* HAHelpSuccessViewController.m in Sources */ = {isa = PBXBuildFile; fileRef = 22A90D681945B169007D116F /* HAHelpSuccessViewController.m */; };
		22A90D6A1945B169007D116F /* HAHelpSuccessViewController.m in Sources */ = {isa = PBXBuildFile; fileRef = 22A90D681945B169007D116F /* HAHelpSuccessViewController.m */; };
		22C9AB3618E20FDC008ED8D7 /* HACentralManager.m in Sources */ = {isa = PBXBuildFile; fileRef = 22C9AB3518E20FDC008ED8D7 /* HACentralManager.m */; };
		22C9AB3718E20FDC008ED8D7 /* HACentralManager.m in Sources */ = {isa = PBXBuildFile; fileRef = 22C9AB3518E20FDC008ED8D7 /* HACentralManager.m */; };
		22C9AB3818E20FDC008ED8D7 /* HACentralManager.m in Sources */ = {isa = PBXBuildFile; fileRef = 22C9AB3518E20FDC008ED8D7 /* HACentralManager.m */; };
		22C9AB3C18E229D4008ED8D7 /* HAPeripheral.m in Sources */ = {isa = PBXBuildFile; fileRef = 22C9AB3B18E229D4008ED8D7 /* HAPeripheral.m */; };
		22C9AB3D18E229D4008ED8D7 /* HAPeripheral.m in Sources */ = {isa = PBXBuildFile; fileRef = 22C9AB3B18E229D4008ED8D7 /* HAPeripheral.m */; };
		22C9AB3E18E229D4008ED8D7 /* HAPeripheral.m in Sources */ = {isa = PBXBuildFile; fileRef = 22C9AB3B18E229D4008ED8D7 /* HAPeripheral.m */; };
		22DA835818B288610014CCA5 /* HAAssistanceService.m in Sources */ = {isa = PBXBuildFile; fileRef = 22DA835718B288610014CCA5 /* HAAssistanceService.m */; };
		22DA835918B288610014CCA5 /* HAAssistanceService.m in Sources */ = {isa = PBXBuildFile; fileRef = 22DA835718B288610014CCA5 /* HAAssistanceService.m */; };
		22E64AFC1937A4C200851BB8 /* logoSncf4S.png in Resources */ = {isa = PBXBuildFile; fileRef = 22E64AFA1937A4C200851BB8 /* logoSncf4S.png */; };
		22E64AFD1937A4C200851BB8 /* logoSncf4S.png in Resources */ = {isa = PBXBuildFile; fileRef = 22E64AFA1937A4C200851BB8 /* logoSncf4S.png */; };
		22E64AFE1937A4C200851BB8 /* logoSncf4S.png in Resources */ = {isa = PBXBuildFile; fileRef = 22E64AFA1937A4C200851BB8 /* logoSncf4S.png */; };
		22E64AFF1937A4C200851BB8 /* logoSncf5S.png in Resources */ = {isa = PBXBuildFile; fileRef = 22E64AFB1937A4C200851BB8 /* logoSncf5S.png */; };
		22E64B001937A4C200851BB8 /* logoSncf5S.png in Resources */ = {isa = PBXBuildFile; fileRef = 22E64AFB1937A4C200851BB8 /* logoSncf5S.png */; };
		22E64B011937A4C200851BB8 /* logoSncf5S.png in Resources */ = {isa = PBXBuildFile; fileRef = 22E64AFB1937A4C200851BB8 /* logoSncf5S.png */; };
		22E64B031937A62F00851BB8 /* help.png in Resources */ = {isa = PBXBuildFile; fileRef = 22E64B021937A62F00851BB8 /* help.png */; };
		22E64B041937A62F00851BB8 /* help.png in Resources */ = {isa = PBXBuildFile; fileRef = 22E64B021937A62F00851BB8 /* help.png */; };
		22E64B051937A62F00851BB8 /* help.png in Resources */ = {isa = PBXBuildFile; fileRef = 22E64B021937A62F00851BB8 /* help.png */; };
		22E95BDF1943592C0002B96C /* EnCours.png in Resources */ = {isa = PBXBuildFile; fileRef = 22E95BDD1943592C0002B96C /* EnCours.png */; };
		22E95BE01943592C0002B96C /* NonAboutie.png in Resources */ = {isa = PBXBuildFile; fileRef = 22E95BDE1943592C0002B96C /* NonAboutie.png */; };
		8F36E7ED196830A300E064E4 /* HAWebViewController.m in Sources */ = {isa = PBXBuildFile; fileRef = 8F36E7EC196830A300E064E4 /* HAWebViewController.m */; };
		8F400A2818F1AE6C006B8342 /* HARestRequests.m in Sources */ = {isa = PBXBuildFile; fileRef = 8F400A2718F1AE6C006B8342 /* HARestRequests.m */; };
		8F57723718DB7D0A00D42D4F /* HALogViewController.m in Sources */ = {isa = PBXBuildFile; fileRef = 222E376018BA5B2F00E3B720 /* HALogViewController.m */; };
		8F57723918DB7D5600D42D4F /* Agent.storyboard in Resources */ = {isa = PBXBuildFile; fileRef = 8F57723818DB7D5600D42D4F /* Agent.storyboard */; };
		8F57723A18DB7D5600D42D4F /* Agent.storyboard in Resources */ = {isa = PBXBuildFile; fileRef = 8F57723818DB7D5600D42D4F /* Agent.storyboard */; };
		8F57723B18DB7DE600D42D4F /* HAHelpViewController.m in Sources */ = {isa = PBXBuildFile; fileRef = 222E375B18BA521C00E3B720 /* HAHelpViewController.m */; };
		8F88460918BFBBB400595CA2 /* HALocationService.m in Sources */ = {isa = PBXBuildFile; fileRef = 8F88460818BFBBB400595CA2 /* HALocationService.m */; };
		8F9AFFA01901A3660027DE84 /* HARestRequests.m in Sources */ = {isa = PBXBuildFile; fileRef = 8F400A2718F1AE6C006B8342 /* HARestRequests.m */; };
		8FBEAE42192100DA0097E151 /* HAHelpRequest.m in Sources */ = {isa = PBXBuildFile; fileRef = 8FBEAE41192100DA0097E151 /* HAHelpRequest.m */; };
		8FBEAE43192100DA0097E151 /* HAHelpRequest.m in Sources */ = {isa = PBXBuildFile; fileRef = 8FBEAE41192100DA0097E151 /* HAHelpRequest.m */; };
		8FBEAE4419212BAF0097E151 /* HAAgent.m in Sources */ = {isa = PBXBuildFile; fileRef = 0414A35819098BFB00D23472 /* HAAgent.m */; };
		8FBEAE47192A42190097E151 /* HAAgentHomeViewController.m in Sources */ = {isa = PBXBuildFile; fileRef = 8FBEAE46192A42190097E151 /* HAAgentHomeViewController.m */; };
		8FBEAE4F192A62370097E151 /* HACurrentStationService.m in Sources */ = {isa = PBXBuildFile; fileRef = 8FBEAE4E192A62370097E151 /* HACurrentStationService.m */; };
		8FBFC37B192FD67500FC0004 /* main-agents.m in Sources */ = {isa = PBXBuildFile; fileRef = 8FBFC37A192FD67500FC0004 /* main-agents.m */; };
		8FBFC37F192FD69F00FC0004 /* AppDelegateAgents.m in Sources */ = {isa = PBXBuildFile; fileRef = 8FBFC37D192FD67F00FC0004 /* AppDelegateAgents.m */; };
		8FCE639F18AD5E3E00D4C957 /* HAUserService.m in Sources */ = {isa = PBXBuildFile; fileRef = 8FCE639E18AD5E3E00D4C957 /* HAUserService.m */; };
		8FCE63A018AD5E3E00D4C957 /* HAUserService.m in Sources */ = {isa = PBXBuildFile; fileRef = 8FCE639E18AD5E3E00D4C957 /* HAUserService.m */; };
		8FFCDF2B1940F3B700C7F376 /* HAAgentUserProfileViewerViewController.m in Sources */ = {isa = PBXBuildFile; fileRef = 04D14F2C193675EF00ED1B27 /* HAAgentUserProfileViewerViewController.m */; };
		A1330B0718AD62B5002B1828 /* HAUser.m in Sources */ = {isa = PBXBuildFile; fileRef = A1330B0618AD62B5002B1828 /* HAUser.m */; };
		A1330B0A18AD632E002B1828 /* HAUserTests.m in Sources */ = {isa = PBXBuildFile; fileRef = A1330B0918AD632E002B1828 /* HAUserTests.m */; };
		A150294D18DB7A81008FC4F1 /* HAMapViewController.m in Sources */ = {isa = PBXBuildFile; fileRef = 22601F191886E2DE008B0179 /* HAMapViewController.m */; };
		A150294F18DB7A81008FC4F1 /* HALocationService.m in Sources */ = {isa = PBXBuildFile; fileRef = 8F88460818BFBBB400595CA2 /* HALocationService.m */; };
		A150295018DB7A81008FC4F1 /* HATileOverlayView.m in Sources */ = {isa = PBXBuildFile; fileRef = 22601F3E18871EAC008B0179 /* HATileOverlayView.m */; };
		A150295418DB7A81008FC4F1 /* HALocalisation.m in Sources */ = {isa = PBXBuildFile; fileRef = 22130C01188966E500191955 /* HALocalisation.m */; };
		A150295518DB7A81008FC4F1 /* UIColor+HackcessAngels.m in Sources */ = {isa = PBXBuildFile; fileRef = A1B80AA718D243A3004EE4EA /* UIColor+HackcessAngels.m */; };
		A150295918DB7A81008FC4F1 /* HAAssistanceService.m in Sources */ = {isa = PBXBuildFile; fileRef = 22DA835718B288610014CCA5 /* HAAssistanceService.m */; };
		A150295A18DB7A81008FC4F1 /* HATileOverlay.m in Sources */ = {isa = PBXBuildFile; fileRef = 22601F3C18871EAC008B0179 /* HATileOverlay.m */; };
		A150295C18DB7A81008FC4F1 /* MapKit.framework in Frameworks */ = {isa = PBXBuildFile; fileRef = 22130BFE188964C200191955 /* MapKit.framework */; };
		A150295D18DB7A81008FC4F1 /* CoreLocation.framework in Frameworks */ = {isa = PBXBuildFile; fileRef = 22085DDC18883EAE00A4BE75 /* CoreLocation.framework */; };
		A150295E18DB7A81008FC4F1 /* CoreGraphics.framework in Frameworks */ = {isa = PBXBuildFile; fileRef = 22601F051886E2DE008B0179 /* CoreGraphics.framework */; };
		A150295F18DB7A81008FC4F1 /* UIKit.framework in Frameworks */ = {isa = PBXBuildFile; fileRef = 22601F071886E2DE008B0179 /* UIKit.framework */; };
		A150296018DB7A81008FC4F1 /* Foundation.framework in Frameworks */ = {isa = PBXBuildFile; fileRef = 22601F031886E2DE008B0179 /* Foundation.framework */; };
		A150296118DB7A81008FC4F1 /* libPods.a in Frameworks */ = {isa = PBXBuildFile; fileRef = 18DAFC5302E94F25AE48D512 /* libPods.a */; };
		A150296318DB7A81008FC4F1 /* TODO.md in Resources */ = {isa = PBXBuildFile; fileRef = A1B80AA318D23DBF004EE4EA /* TODO.md */; };
		A150296418DB7A81008FC4F1 /* Images.xcassets in Resources */ = {isa = PBXBuildFile; fileRef = 22601F1B1886E2DE008B0179 /* Images.xcassets */; };
		A150296518DB7A81008FC4F1 /* InfoPlist.strings in Resources */ = {isa = PBXBuildFile; fileRef = 22601F0C1886E2DE008B0179 /* InfoPlist.strings */; };
		A1AC4C5418B69AD2002EE7E6 /* HAUserServicesTests.m in Sources */ = {isa = PBXBuildFile; fileRef = A1AC4C5318B69AD2002EE7E6 /* HAUserServicesTests.m */; };
		A1B064A618BFCBE60078EED5 /* user.json in Resources */ = {isa = PBXBuildFile; fileRef = A1B064A518BFCBE60078EED5 /* user.json */; };
		A1B80AA418D23DBF004EE4EA /* TODO.md in Resources */ = {isa = PBXBuildFile; fileRef = A1B80AA318D23DBF004EE4EA /* TODO.md */; };
		A1B80AA818D243A3004EE4EA /* UIColor+HackcessAngels.m in Sources */ = {isa = PBXBuildFile; fileRef = A1B80AA718D243A3004EE4EA /* UIColor+HackcessAngels.m */; };
		A1B80AA918D243A3004EE4EA /* UIColor+HackcessAngels.m in Sources */ = {isa = PBXBuildFile; fileRef = A1B80AA718D243A3004EE4EA /* UIColor+HackcessAngels.m */; };
		CADA4BECEC92479A8F6CB0F0 /* libPods.a in Frameworks */ = {isa = PBXBuildFile; fileRef = 18DAFC5302E94F25AE48D512 /* libPods.a */; };
		DACD378C81EF46D185A2B41E /* libPods-HackcessAngelsTests.a in Frameworks */ = {isa = PBXBuildFile; fileRef = CA038FFAF016411C961B50E7 /* libPods-HackcessAngelsTests.a */; };
/* End PBXBuildFile section */

/* Begin PBXContainerItemProxy section */
		22601F261886E2DE008B0179 /* PBXContainerItemProxy */ = {
			isa = PBXContainerItemProxy;
			containerPortal = 22601EF81886E2DE008B0179 /* Project object */;
			proxyType = 1;
			remoteGlobalIDString = 22601EFF1886E2DE008B0179;
			remoteInfo = HackcessAngels;
		};
/* End PBXContainerItemProxy section */

/* Begin PBXFileReference section */
		0414A3531909890F00D23472 /* HAAgentViewController.h */ = {isa = PBXFileReference; fileEncoding = 4; lastKnownFileType = sourcecode.c.h; name = HAAgentViewController.h; path = hackcessangels/HAAgentViewController.h; sourceTree = SOURCE_ROOT; };
		0414A3541909890F00D23472 /* HAAgentViewController.m */ = {isa = PBXFileReference; fileEncoding = 4; lastKnownFileType = sourcecode.c.objc; name = HAAgentViewController.m; path = hackcessangels/HAAgentViewController.m; sourceTree = SOURCE_ROOT; };
		0414A35719098BFB00D23472 /* HAAgent.h */ = {isa = PBXFileReference; fileEncoding = 4; lastKnownFileType = sourcecode.c.h; name = HAAgent.h; path = hackcessangels/HAAgent.h; sourceTree = SOURCE_ROOT; };
		0414A35819098BFB00D23472 /* HAAgent.m */ = {isa = PBXFileReference; fileEncoding = 4; lastKnownFileType = sourcecode.c.objc; name = HAAgent.m; path = hackcessangels/HAAgent.m; sourceTree = SOURCE_ROOT; };
		0414A35B19098FBB00D23472 /* HAAgentService.h */ = {isa = PBXFileReference; fileEncoding = 4; lastKnownFileType = sourcecode.c.h; name = HAAgentService.h; path = hackcessangels/HAAgentService.h; sourceTree = SOURCE_ROOT; };
		0414A35C19098FBB00D23472 /* HAAgentService.m */ = {isa = PBXFileReference; fileEncoding = 4; lastKnownFileType = sourcecode.c.objc; name = HAAgentService.m; path = hackcessangels/HAAgentService.m; sourceTree = SOURCE_ROOT; };
		043F17A818FC30BB00D23C3F /* HACallUserView.h */ = {isa = PBXFileReference; fileEncoding = 4; lastKnownFileType = sourcecode.c.h; name = HACallUserView.h; path = hackcessangels/HACallUserView.h; sourceTree = SOURCE_ROOT; };
		043F17A918FC30BB00D23C3F /* HACallUserView.m */ = {isa = PBXFileReference; fileEncoding = 4; lastKnownFileType = sourcecode.c.objc; name = HACallUserView.m; path = hackcessangels/HACallUserView.m; sourceTree = SOURCE_ROOT; };
		043F17AB1901A22F00D23C3F /* HackcessAngels copy-Info.plist */ = {isa = PBXFileReference; lastKnownFileType = text.plist.xml; path = "HackcessAngels copy-Info.plist"; sourceTree = SOURCE_ROOT; };
		04CFDD4A1945AD5500391C21 /* HAFirstProfilViewController.h */ = {isa = PBXFileReference; fileEncoding = 4; lastKnownFileType = sourcecode.c.h; name = HAFirstProfilViewController.h; path = ../HAFirstProfilViewController.h; sourceTree = "<group>"; };
		04CFDD4B1945AD5500391C21 /* HAFirstProfilViewController.m */ = {isa = PBXFileReference; fileEncoding = 4; lastKnownFileType = sourcecode.c.objc; name = HAFirstProfilViewController.m; path = ../HAFirstProfilViewController.m; sourceTree = "<group>"; };
		04D14F2819366D2100ED1B27 /* EIUserProfilViewController.h */ = {isa = PBXFileReference; fileEncoding = 4; lastKnownFileType = sourcecode.c.h; name = EIUserProfilViewController.h; path = ../EIUserProfilViewController.h; sourceTree = "<group>"; };
		04D14F2919366D2100ED1B27 /* EIUserProfilViewController.m */ = {isa = PBXFileReference; fileEncoding = 4; lastKnownFileType = sourcecode.c.objc; name = EIUserProfilViewController.m; path = ../EIUserProfilViewController.m; sourceTree = "<group>"; };
		04D14F2B193675EF00ED1B27 /* HAAgentUserProfileViewerViewController.h */ = {isa = PBXFileReference; fileEncoding = 4; lastKnownFileType = sourcecode.c.h; name = HAAgentUserProfileViewerViewController.h; path = ../HAAgentUserProfileViewerViewController.h; sourceTree = "<group>"; };
		04D14F2C193675EF00ED1B27 /* HAAgentUserProfileViewerViewController.m */ = {isa = PBXFileReference; fileEncoding = 4; lastKnownFileType = sourcecode.c.objc; name = HAAgentUserProfileViewerViewController.m; path = ../HAAgentUserProfileViewerViewController.m; sourceTree = "<group>"; };
		18DAFC5302E94F25AE48D512 /* libPods.a */ = {isa = PBXFileReference; explicitFileType = archive.ar; includeInIndex = 0; path = libPods.a; sourceTree = BUILT_PRODUCTS_DIR; };
		22085DDC18883EAE00A4BE75 /* CoreLocation.framework */ = {isa = PBXFileReference; lastKnownFileType = wrapper.framework; name = CoreLocation.framework; path = System/Library/Frameworks/CoreLocation.framework; sourceTree = SDKROOT; };
		22130BFE188964C200191955 /* MapKit.framework */ = {isa = PBXFileReference; lastKnownFileType = wrapper.framework; name = MapKit.framework; path = System/Library/Frameworks/MapKit.framework; sourceTree = SDKROOT; };
		22130C00188966E500191955 /* HALocalisation.h */ = {isa = PBXFileReference; fileEncoding = 4; lastKnownFileType = sourcecode.c.h; path = HALocalisation.h; sourceTree = "<group>"; };
		22130C01188966E500191955 /* HALocalisation.m */ = {isa = PBXFileReference; fileEncoding = 4; lastKnownFileType = sourcecode.c.objc; path = HALocalisation.m; sourceTree = "<group>"; };
		222E375A18BA521C00E3B720 /* HAHelpViewController.h */ = {isa = PBXFileReference; fileEncoding = 4; lastKnownFileType = sourcecode.c.h; path = HAHelpViewController.h; sourceTree = "<group>"; };
		222E375B18BA521C00E3B720 /* HAHelpViewController.m */ = {isa = PBXFileReference; fileEncoding = 4; lastKnownFileType = sourcecode.c.objc; path = HAHelpViewController.m; sourceTree = "<group>"; };
		222E375F18BA5B2F00E3B720 /* HALogViewController.h */ = {isa = PBXFileReference; fileEncoding = 4; lastKnownFileType = sourcecode.c.h; path = HALogViewController.h; sourceTree = "<group>"; };
		222E376018BA5B2F00E3B720 /* HALogViewController.m */ = {isa = PBXFileReference; fileEncoding = 4; lastKnownFileType = sourcecode.c.objc; path = HALogViewController.m; sourceTree = "<group>"; };
		2244C95518FA8B55000B3C33 /* profil.jpg */ = {isa = PBXFileReference; lastKnownFileType = image.jpeg; path = profil.jpg; sourceTree = "<group>"; };
		224CD30319433D8800ACEEE9 /* Avenir.ttc */ = {isa = PBXFileReference; lastKnownFileType = file; path = Avenir.ttc; sourceTree = "<group>"; };
		22601F001886E2DE008B0179 /* Aide'Gare.app */ = {isa = PBXFileReference; explicitFileType = wrapper.application; includeInIndex = 0; path = "Aide'Gare.app"; sourceTree = BUILT_PRODUCTS_DIR; };
		22601F031886E2DE008B0179 /* Foundation.framework */ = {isa = PBXFileReference; lastKnownFileType = wrapper.framework; name = Foundation.framework; path = System/Library/Frameworks/Foundation.framework; sourceTree = SDKROOT; };
		22601F051886E2DE008B0179 /* CoreGraphics.framework */ = {isa = PBXFileReference; lastKnownFileType = wrapper.framework; name = CoreGraphics.framework; path = System/Library/Frameworks/CoreGraphics.framework; sourceTree = SDKROOT; };
		22601F071886E2DE008B0179 /* UIKit.framework */ = {isa = PBXFileReference; lastKnownFileType = wrapper.framework; name = UIKit.framework; path = System/Library/Frameworks/UIKit.framework; sourceTree = SDKROOT; };
		22601F0B1886E2DE008B0179 /* HackcessAngels-Info.plist */ = {isa = PBXFileReference; lastKnownFileType = text.plist.xml; path = "HackcessAngels-Info.plist"; sourceTree = "<group>"; };
		22601F0D1886E2DE008B0179 /* en */ = {isa = PBXFileReference; lastKnownFileType = text.plist.strings; name = en; path = en.lproj/InfoPlist.strings; sourceTree = "<group>"; };
		22601F0F1886E2DE008B0179 /* main.m */ = {isa = PBXFileReference; lastKnownFileType = sourcecode.c.objc; path = main.m; sourceTree = "<group>"; };
		22601F111886E2DE008B0179 /* HackcessAngels-Prefix.pch */ = {isa = PBXFileReference; lastKnownFileType = sourcecode.c.h; path = "HackcessAngels-Prefix.pch"; sourceTree = "<group>"; };
		22601F121886E2DE008B0179 /* AppDelegate.h */ = {isa = PBXFileReference; lastKnownFileType = sourcecode.c.h; path = AppDelegate.h; sourceTree = "<group>"; };
		22601F131886E2DE008B0179 /* AppDelegate.m */ = {isa = PBXFileReference; lastKnownFileType = sourcecode.c.objc; path = AppDelegate.m; sourceTree = "<group>"; };
		22601F161886E2DE008B0179 /* Base */ = {isa = PBXFileReference; lastKnownFileType = file.storyboard; name = Base; path = Base.lproj/Main.storyboard; sourceTree = "<group>"; };
		22601F181886E2DE008B0179 /* HAMapViewController.h */ = {isa = PBXFileReference; lastKnownFileType = sourcecode.c.h; path = HAMapViewController.h; sourceTree = "<group>"; };
		22601F191886E2DE008B0179 /* HAMapViewController.m */ = {isa = PBXFileReference; lastKnownFileType = sourcecode.c.objc; path = HAMapViewController.m; sourceTree = "<group>"; };
		22601F1B1886E2DE008B0179 /* Images.xcassets */ = {isa = PBXFileReference; lastKnownFileType = folder.assetcatalog; path = Images.xcassets; sourceTree = "<group>"; };
		22601F211886E2DE008B0179 /* HackcessAngelsTests.xctest */ = {isa = PBXFileReference; explicitFileType = wrapper.cfbundle; includeInIndex = 0; path = HackcessAngelsTests.xctest; sourceTree = BUILT_PRODUCTS_DIR; };
		22601F221886E2DE008B0179 /* XCTest.framework */ = {isa = PBXFileReference; lastKnownFileType = wrapper.framework; name = XCTest.framework; path = Library/Frameworks/XCTest.framework; sourceTree = DEVELOPER_DIR; };
		22601F2A1886E2DE008B0179 /* HackcessAngelsTests-Info.plist */ = {isa = PBXFileReference; lastKnownFileType = text.plist.xml; path = "HackcessAngelsTests-Info.plist"; sourceTree = "<group>"; };
		22601F2C1886E2DE008B0179 /* en */ = {isa = PBXFileReference; lastKnownFileType = text.plist.strings; name = en; path = en.lproj/InfoPlist.strings; sourceTree = "<group>"; };
		22601F2E1886E2DE008B0179 /* HackcessAngelsTests.m */ = {isa = PBXFileReference; lastKnownFileType = sourcecode.c.objc; path = HackcessAngelsTests.m; sourceTree = "<group>"; };
		22601F3B18871EAC008B0179 /* HATileOverlay.h */ = {isa = PBXFileReference; fileEncoding = 4; lastKnownFileType = sourcecode.c.h; path = HATileOverlay.h; sourceTree = "<group>"; };
		22601F3C18871EAC008B0179 /* HATileOverlay.m */ = {isa = PBXFileReference; fileEncoding = 4; lastKnownFileType = sourcecode.c.objc; path = HATileOverlay.m; sourceTree = "<group>"; };
		22601F3D18871EAC008B0179 /* HATileOverlayView.h */ = {isa = PBXFileReference; fileEncoding = 4; lastKnownFileType = sourcecode.c.h; path = HATileOverlayView.h; sourceTree = "<group>"; };
		22601F3E18871EAC008B0179 /* HATileOverlayView.m */ = {isa = PBXFileReference; fileEncoding = 4; lastKnownFileType = sourcecode.c.objc; path = HATileOverlayView.m; sourceTree = "<group>"; };
		228D8F04190FE830002AE6E2 /* HARequestsService.h */ = {isa = PBXFileReference; fileEncoding = 4; lastKnownFileType = sourcecode.c.h; path = HARequestsService.h; sourceTree = "<group>"; };
		228D8F05190FE830002AE6E2 /* HARequestsService.m */ = {isa = PBXFileReference; fileEncoding = 4; lastKnownFileType = sourcecode.c.objc; path = HARequestsService.m; sourceTree = "<group>"; };
		229BEE331968450500D25B89 /* assistance.html */ = {isa = PBXFileReference; fileEncoding = 4; lastKnownFileType = text.html; path = assistance.html; sourceTree = "<group>"; };
		229BEE341968450500D25B89 /* cgu.html */ = {isa = PBXFileReference; fileEncoding = 4; lastKnownFileType = text.html; path = cgu.html; sourceTree = "<group>"; };
		229BEE361968450500D25B89 /* AvenirBlack.eot */ = {isa = PBXFileReference; lastKnownFileType = file; path = AvenirBlack.eot; sourceTree = "<group>"; };
		229BEE371968450500D25B89 /* AvenirBlack.ttf */ = {isa = PBXFileReference; lastKnownFileType = file; path = AvenirBlack.ttf; sourceTree = "<group>"; };
		229BEE381968450500D25B89 /* AvenirBlack.woff */ = {isa = PBXFileReference; lastKnownFileType = file; path = AvenirBlack.woff; sourceTree = "<group>"; };
		229BEE391968450500D25B89 /* AvenirRoman.eot */ = {isa = PBXFileReference; lastKnownFileType = file; path = AvenirRoman.eot; sourceTree = "<group>"; };
		229BEE3A1968450500D25B89 /* AvenirRoman.svg */ = {isa = PBXFileReference; fileEncoding = 4; lastKnownFileType = text.xml; path = AvenirRoman.svg; sourceTree = "<group>"; };
		229BEE3B1968450500D25B89 /* AvenirRoman.ttf */ = {isa = PBXFileReference; lastKnownFileType = file; path = AvenirRoman.ttf; sourceTree = "<group>"; };
		229BEE3C1968450500D25B89 /* AvenirRoman.woff */ = {isa = PBXFileReference; lastKnownFileType = file; path = AvenirRoman.woff; sourceTree = "<group>"; };
		229BEE3D1968450500D25B89 /* modernpics-webfont.eot */ = {isa = PBXFileReference; lastKnownFileType = file; path = "modernpics-webfont.eot"; sourceTree = "<group>"; };
		229BEE3E1968450500D25B89 /* style.css */ = {isa = PBXFileReference; fileEncoding = 4; lastKnownFileType = text.css; path = style.css; sourceTree = "<group>"; };
		229BEE3F1968450500D25B89 /* uinfos.html */ = {isa = PBXFileReference; fileEncoding = 4; lastKnownFileType = text.html; path = uinfos.html; sourceTree = "<group>"; };
		22A90D671945B169007D116F /* HAHelpSuccessViewController.h */ = {isa = PBXFileReference; fileEncoding = 4; lastKnownFileType = sourcecode.c.h; path = HAHelpSuccessViewController.h; sourceTree = "<group>"; };
		22A90D681945B169007D116F /* HAHelpSuccessViewController.m */ = {isa = PBXFileReference; fileEncoding = 4; lastKnownFileType = sourcecode.c.objc; path = HAHelpSuccessViewController.m; sourceTree = "<group>"; };
		22C9AB3418E20FDC008ED8D7 /* HACentralManager.h */ = {isa = PBXFileReference; fileEncoding = 4; lastKnownFileType = sourcecode.c.h; path = HACentralManager.h; sourceTree = "<group>"; };
		22C9AB3518E20FDC008ED8D7 /* HACentralManager.m */ = {isa = PBXFileReference; fileEncoding = 4; lastKnownFileType = sourcecode.c.objc; path = HACentralManager.m; sourceTree = "<group>"; };
		22C9AB3918E21083008ED8D7 /* HASERVICES.h */ = {isa = PBXFileReference; fileEncoding = 4; lastKnownFileType = sourcecode.c.h; path = HASERVICES.h; sourceTree = "<group>"; };
		22C9AB3A18E229D4008ED8D7 /* HAPeripheral.h */ = {isa = PBXFileReference; fileEncoding = 4; lastKnownFileType = sourcecode.c.h; path = HAPeripheral.h; sourceTree = "<group>"; };
		22C9AB3B18E229D4008ED8D7 /* HAPeripheral.m */ = {isa = PBXFileReference; fileEncoding = 4; lastKnownFileType = sourcecode.c.objc; path = HAPeripheral.m; sourceTree = "<group>"; };
		22DA835618B288610014CCA5 /* HAAssistanceService.h */ = {isa = PBXFileReference; fileEncoding = 4; lastKnownFileType = sourcecode.c.h; path = HAAssistanceService.h; sourceTree = "<group>"; };
		22DA835718B288610014CCA5 /* HAAssistanceService.m */ = {isa = PBXFileReference; fileEncoding = 4; lastKnownFileType = sourcecode.c.objc; path = HAAssistanceService.m; sourceTree = "<group>"; };
		22E64AFA1937A4C200851BB8 /* logoSncf4S.png */ = {isa = PBXFileReference; lastKnownFileType = image.png; path = logoSncf4S.png; sourceTree = "<group>"; };
		22E64AFB1937A4C200851BB8 /* logoSncf5S.png */ = {isa = PBXFileReference; lastKnownFileType = image.png; path = logoSncf5S.png; sourceTree = "<group>"; };
		22E64B021937A62F00851BB8 /* help.png */ = {isa = PBXFileReference; lastKnownFileType = image.png; path = help.png; sourceTree = "<group>"; };
		22E95BDD1943592C0002B96C /* EnCours.png */ = {isa = PBXFileReference; lastKnownFileType = image.png; path = EnCours.png; sourceTree = "<group>"; };
		22E95BDE1943592C0002B96C /* NonAboutie.png */ = {isa = PBXFileReference; lastKnownFileType = image.png; path = NonAboutie.png; sourceTree = "<group>"; };
		75B5CDE6C7954202AF2565B3 /* Pods.xcconfig */ = {isa = PBXFileReference; includeInIndex = 1; lastKnownFileType = text.xcconfig; name = Pods.xcconfig; path = Pods/Pods.xcconfig; sourceTree = "<group>"; };
		8F36E7EB196830A300E064E4 /* HAWebViewController.h */ = {isa = PBXFileReference; fileEncoding = 4; lastKnownFileType = sourcecode.c.h; name = HAWebViewController.h; path = hackcessangels/HAWebViewController.h; sourceTree = SOURCE_ROOT; };
		8F36E7EC196830A300E064E4 /* HAWebViewController.m */ = {isa = PBXFileReference; fileEncoding = 4; lastKnownFileType = sourcecode.c.objc; name = HAWebViewController.m; path = hackcessangels/HAWebViewController.m; sourceTree = SOURCE_ROOT; };
		8F400A2618F1AE6C006B8342 /* HARestRequests.h */ = {isa = PBXFileReference; fileEncoding = 4; lastKnownFileType = sourcecode.c.h; name = HARestRequests.h; path = hackcessangels/HARestRequests.h; sourceTree = SOURCE_ROOT; };
		8F400A2718F1AE6C006B8342 /* HARestRequests.m */ = {isa = PBXFileReference; fileEncoding = 4; lastKnownFileType = sourcecode.c.objc; name = HARestRequests.m; path = hackcessangels/HARestRequests.m; sourceTree = SOURCE_ROOT; };
		8F57723818DB7D5600D42D4F /* Agent.storyboard */ = {isa = PBXFileReference; fileEncoding = 4; lastKnownFileType = file.storyboard; name = Agent.storyboard; path = hackcessangels/Agent.storyboard; sourceTree = SOURCE_ROOT; };
		8F88460718BFBBB400595CA2 /* HALocationService.h */ = {isa = PBXFileReference; fileEncoding = 4; lastKnownFileType = sourcecode.c.h; name = HALocationService.h; path = hackcessangels/HALocationService.h; sourceTree = SOURCE_ROOT; };
		8F88460818BFBBB400595CA2 /* HALocationService.m */ = {isa = PBXFileReference; fileEncoding = 4; lastKnownFileType = sourcecode.c.objc; name = HALocationService.m; path = hackcessangels/HALocationService.m; sourceTree = SOURCE_ROOT; };
		8FBEAE40192100DA0097E151 /* HAHelpRequest.h */ = {isa = PBXFileReference; fileEncoding = 4; lastKnownFileType = sourcecode.c.h; name = HAHelpRequest.h; path = hackcessangels/HAHelpRequest.h; sourceTree = SOURCE_ROOT; };
		8FBEAE41192100DA0097E151 /* HAHelpRequest.m */ = {isa = PBXFileReference; fileEncoding = 4; lastKnownFileType = sourcecode.c.objc; name = HAHelpRequest.m; path = hackcessangels/HAHelpRequest.m; sourceTree = SOURCE_ROOT; };
		8FBEAE45192A42190097E151 /* HAAgentHomeViewController.h */ = {isa = PBXFileReference; fileEncoding = 4; lastKnownFileType = sourcecode.c.h; name = HAAgentHomeViewController.h; path = hackcessangels/HAAgentHomeViewController.h; sourceTree = SOURCE_ROOT; };
		8FBEAE46192A42190097E151 /* HAAgentHomeViewController.m */ = {isa = PBXFileReference; fileEncoding = 4; lastKnownFileType = sourcecode.c.objc; name = HAAgentHomeViewController.m; path = hackcessangels/HAAgentHomeViewController.m; sourceTree = SOURCE_ROOT; };
		8FBEAE49192A4B120097E151 /* HAAbstractLoginService.h */ = {isa = PBXFileReference; fileEncoding = 4; lastKnownFileType = sourcecode.c.h; name = HAAbstractLoginService.h; path = hackcessangels/HAAbstractLoginService.h; sourceTree = SOURCE_ROOT; };
		8FBEAE4D192A62370097E151 /* HACurrentStationService.h */ = {isa = PBXFileReference; fileEncoding = 4; lastKnownFileType = sourcecode.c.h; name = HACurrentStationService.h; path = hackcessangels/HACurrentStationService.h; sourceTree = SOURCE_ROOT; };
		8FBEAE4E192A62370097E151 /* HACurrentStationService.m */ = {isa = PBXFileReference; fileEncoding = 4; lastKnownFileType = sourcecode.c.objc; name = HACurrentStationService.m; path = hackcessangels/HACurrentStationService.m; sourceTree = SOURCE_ROOT; };
		8FBFC37A192FD67500FC0004 /* main-agents.m */ = {isa = PBXFileReference; fileEncoding = 4; lastKnownFileType = sourcecode.c.objc; name = "main-agents.m"; path = "hackcessangels/main-agents.m"; sourceTree = SOURCE_ROOT; };
		8FBFC37C192FD67F00FC0004 /* AppDelegateAgents.h */ = {isa = PBXFileReference; fileEncoding = 4; lastKnownFileType = sourcecode.c.h; name = AppDelegateAgents.h; path = hackcessangels/AppDelegateAgents.h; sourceTree = SOURCE_ROOT; };
		8FBFC37D192FD67F00FC0004 /* AppDelegateAgents.m */ = {isa = PBXFileReference; fileEncoding = 4; lastKnownFileType = sourcecode.c.objc; name = AppDelegateAgents.m; path = hackcessangels/AppDelegateAgents.m; sourceTree = SOURCE_ROOT; };
		8FCE639D18AD5E3E00D4C957 /* HAUserService.h */ = {isa = PBXFileReference; fileEncoding = 4; lastKnownFileType = sourcecode.c.h; name = HAUserService.h; path = hackcessangels/services/HAUserService.h; sourceTree = SOURCE_ROOT; };
		8FCE639E18AD5E3E00D4C957 /* HAUserService.m */ = {isa = PBXFileReference; fileEncoding = 4; lastKnownFileType = sourcecode.c.objc; name = HAUserService.m; path = hackcessangels/services/HAUserService.m; sourceTree = SOURCE_ROOT; };
		8FF9DC681936552B00105C2C /* GarePontGarigliano.gpx */ = {isa = PBXFileReference; lastKnownFileType = text.xml; name = GarePontGarigliano.gpx; path = hackcessangelsTests/GarePontGarigliano.gpx; sourceTree = SOURCE_ROOT; };
		A1330B0518AD62B5002B1828 /* HAUser.h */ = {isa = PBXFileReference; fileEncoding = 4; lastKnownFileType = sourcecode.c.h; name = HAUser.h; path = hackcessangels/model/HAUser.h; sourceTree = SOURCE_ROOT; };
		A1330B0618AD62B5002B1828 /* HAUser.m */ = {isa = PBXFileReference; fileEncoding = 4; lastKnownFileType = sourcecode.c.objc; name = HAUser.m; path = hackcessangels/model/HAUser.m; sourceTree = SOURCE_ROOT; };
		A1330B0918AD632E002B1828 /* HAUserTests.m */ = {isa = PBXFileReference; fileEncoding = 4; lastKnownFileType = sourcecode.c.objc; name = HAUserTests.m; path = hackcessangelsTests/HAUserTests.m; sourceTree = SOURCE_ROOT; };
		A150296B18DB7A81008FC4F1 /* Aide'Gare Agents.app */ = {isa = PBXFileReference; explicitFileType = wrapper.application; includeInIndex = 0; path = "Aide'Gare Agents.app"; sourceTree = BUILT_PRODUCTS_DIR; };
		A1AC4C5318B69AD2002EE7E6 /* HAUserServicesTests.m */ = {isa = PBXFileReference; fileEncoding = 4; lastKnownFileType = sourcecode.c.objc; name = HAUserServicesTests.m; path = hackcessangelsTests/HAUserServicesTests.m; sourceTree = SOURCE_ROOT; };
		A1B064A518BFCBE60078EED5 /* user.json */ = {isa = PBXFileReference; fileEncoding = 4; lastKnownFileType = text.json; name = user.json; path = hackcessangelsTests/user.json; sourceTree = SOURCE_ROOT; };
		A1B80AA318D23DBF004EE4EA /* TODO.md */ = {isa = PBXFileReference; fileEncoding = 4; lastKnownFileType = text; name = TODO.md; path = hackcessangels/TODO.md; sourceTree = SOURCE_ROOT; };
		A1B80AA618D243A3004EE4EA /* UIColor+HackcessAngels.h */ = {isa = PBXFileReference; fileEncoding = 4; lastKnownFileType = sourcecode.c.h; name = "UIColor+HackcessAngels.h"; path = "hackcessangels/View/UIColor+HackcessAngels.h"; sourceTree = SOURCE_ROOT; };
		A1B80AA718D243A3004EE4EA /* UIColor+HackcessAngels.m */ = {isa = PBXFileReference; fileEncoding = 4; lastKnownFileType = sourcecode.c.objc; name = "UIColor+HackcessAngels.m"; path = "hackcessangels/View/UIColor+HackcessAngels.m"; sourceTree = SOURCE_ROOT; };
		B81C1F48A9394E3D818E00EB /* Pods-HackcessAngelsTests.xcconfig */ = {isa = PBXFileReference; includeInIndex = 1; lastKnownFileType = text.xcconfig; name = "Pods-HackcessAngelsTests.xcconfig"; path = "Pods/Pods-HackcessAngelsTests.xcconfig"; sourceTree = "<group>"; };
		CA038FFAF016411C961B50E7 /* libPods-HackcessAngelsTests.a */ = {isa = PBXFileReference; explicitFileType = archive.ar; includeInIndex = 0; path = "libPods-HackcessAngelsTests.a"; sourceTree = BUILT_PRODUCTS_DIR; };
/* End PBXFileReference section */

/* Begin PBXFrameworksBuildPhase section */
		22601EFD1886E2DE008B0179 /* Frameworks */ = {
			isa = PBXFrameworksBuildPhase;
			buildActionMask = 2147483647;
			files = (
				22130BFF188964C200191955 /* MapKit.framework in Frameworks */,
				22085DDD18883EAE00A4BE75 /* CoreLocation.framework in Frameworks */,
				22601F061886E2DE008B0179 /* CoreGraphics.framework in Frameworks */,
				22601F081886E2DE008B0179 /* UIKit.framework in Frameworks */,
				22601F041886E2DE008B0179 /* Foundation.framework in Frameworks */,
				CADA4BECEC92479A8F6CB0F0 /* libPods.a in Frameworks */,
			);
			runOnlyForDeploymentPostprocessing = 0;
		};
		22601F1E1886E2DE008B0179 /* Frameworks */ = {
			isa = PBXFrameworksBuildPhase;
			buildActionMask = 2147483647;
			files = (
				22601F231886E2DE008B0179 /* XCTest.framework in Frameworks */,
				22601F251886E2DE008B0179 /* UIKit.framework in Frameworks */,
				22601F241886E2DE008B0179 /* Foundation.framework in Frameworks */,
				DACD378C81EF46D185A2B41E /* libPods-HackcessAngelsTests.a in Frameworks */,
			);
			runOnlyForDeploymentPostprocessing = 0;
		};
		A150295B18DB7A81008FC4F1 /* Frameworks */ = {
			isa = PBXFrameworksBuildPhase;
			buildActionMask = 2147483647;
			files = (
				A150295C18DB7A81008FC4F1 /* MapKit.framework in Frameworks */,
				A150295D18DB7A81008FC4F1 /* CoreLocation.framework in Frameworks */,
				A150295E18DB7A81008FC4F1 /* CoreGraphics.framework in Frameworks */,
				A150295F18DB7A81008FC4F1 /* UIKit.framework in Frameworks */,
				A150296018DB7A81008FC4F1 /* Foundation.framework in Frameworks */,
				A150296118DB7A81008FC4F1 /* libPods.a in Frameworks */,
			);
			runOnlyForDeploymentPostprocessing = 0;
		};
/* End PBXFrameworksBuildPhase section */

/* Begin PBXGroup section */
		0414A35619098B9200D23472 /* Services */ = {
			isa = PBXGroup;
			children = (
				0414A35B19098FBB00D23472 /* HAAgentService.h */,
				0414A35C19098FBB00D23472 /* HAAgentService.m */,
				228D8F04190FE830002AE6E2 /* HARequestsService.h */,
				228D8F05190FE830002AE6E2 /* HARequestsService.m */,
				8FBEAE4D192A62370097E151 /* HACurrentStationService.h */,
				8FBEAE4E192A62370097E151 /* HACurrentStationService.m */,
			);
			name = Services;
			sourceTree = "<group>";
		};
		0414A35A19098F8400D23472 /* model */ = {
			isa = PBXGroup;
			children = (
			);
			name = model;
			sourceTree = "<group>";
		};
		22130C03188966F400191955 /* model */ = {
			isa = PBXGroup;
			children = (
				0414A35719098BFB00D23472 /* HAAgent.h */,
				0414A35819098BFB00D23472 /* HAAgent.m */,
				22601F3B18871EAC008B0179 /* HATileOverlay.h */,
				22601F3C18871EAC008B0179 /* HATileOverlay.m */,
				22601F3D18871EAC008B0179 /* HATileOverlayView.h */,
				22601F3E18871EAC008B0179 /* HATileOverlayView.m */,
				22130C00188966E500191955 /* HALocalisation.h */,
				22130C01188966E500191955 /* HALocalisation.m */,
				A1330B0518AD62B5002B1828 /* HAUser.h */,
				A1330B0618AD62B5002B1828 /* HAUser.m */,
				22C9AB3A18E229D4008ED8D7 /* HAPeripheral.h */,
				22C9AB3B18E229D4008ED8D7 /* HAPeripheral.m */,
				22C9AB3418E20FDC008ED8D7 /* HACentralManager.h */,
				22C9AB3518E20FDC008ED8D7 /* HACentralManager.m */,
				22C9AB3918E21083008ED8D7 /* HASERVICES.h */,
				8FBEAE40192100DA0097E151 /* HAHelpRequest.h */,
				8FBEAE41192100DA0097E151 /* HAHelpRequest.m */,
			);
			name = model;
			sourceTree = "<group>";
		};
		22601EF71886E2DE008B0179 = {
			isa = PBXGroup;
			children = (
				22601F091886E2DE008B0179 /* HackcessAngels */,
				22601F281886E2DE008B0179 /* HackcessAngelsTests */,
				22601F021886E2DE008B0179 /* Frameworks */,
				22601F011886E2DE008B0179 /* Products */,
				75B5CDE6C7954202AF2565B3 /* Pods.xcconfig */,
				B81C1F48A9394E3D818E00EB /* Pods-HackcessAngelsTests.xcconfig */,
			);
			sourceTree = "<group>";
		};
		22601F011886E2DE008B0179 /* Products */ = {
			isa = PBXGroup;
			children = (
				22601F001886E2DE008B0179 /* Aide'Gare.app */,
				22601F211886E2DE008B0179 /* HackcessAngelsTests.xctest */,
				A150296B18DB7A81008FC4F1 /* Aide'Gare Agents.app */,
			);
			name = Products;
			sourceTree = "<group>";
		};
		22601F021886E2DE008B0179 /* Frameworks */ = {
			isa = PBXGroup;
			children = (
				22130BFE188964C200191955 /* MapKit.framework */,
				22085DDC18883EAE00A4BE75 /* CoreLocation.framework */,
				22601F031886E2DE008B0179 /* Foundation.framework */,
				22601F051886E2DE008B0179 /* CoreGraphics.framework */,
				22601F071886E2DE008B0179 /* UIKit.framework */,
				22601F221886E2DE008B0179 /* XCTest.framework */,
				18DAFC5302E94F25AE48D512 /* libPods.a */,
				CA038FFAF016411C961B50E7 /* libPods-HackcessAngelsTests.a */,
			);
			name = Frameworks;
			sourceTree = "<group>";
		};
		22601F091886E2DE008B0179 /* HackcessAngels */ = {
			isa = PBXGroup;
			children = (
				229BEE321968450500D25B89 /* html */,
				8F57723E18DB7E9800D42D4F /* Shared */,
				8F57723D18DB7E6400D42D4F /* User */,
				8F57723C18DB7E5800D42D4F /* Agent */,
				22601F1B1886E2DE008B0179 /* Images.xcassets */,
				22601F0A1886E2DE008B0179 /* Supporting Files */,
				A1B80AA318D23DBF004EE4EA /* TODO.md */,
			);
			path = HackcessAngels;
			sourceTree = "<group>";
		};
		22601F0A1886E2DE008B0179 /* Supporting Files */ = {
			isa = PBXGroup;
			children = (
				224CD30319433D8800ACEEE9 /* Avenir.ttc */,
				22E95BDD1943592C0002B96C /* EnCours.png */,
				22E95BDE1943592C0002B96C /* NonAboutie.png */,
				22E64B021937A62F00851BB8 /* help.png */,
				22E64AFA1937A4C200851BB8 /* logoSncf4S.png */,
				22E64AFB1937A4C200851BB8 /* logoSncf5S.png */,
				2244C95518FA8B55000B3C33 /* profil.jpg */,
				043F17AB1901A22F00D23C3F /* HackcessAngels copy-Info.plist */,
				22601F0B1886E2DE008B0179 /* HackcessAngels-Info.plist */,
				22601F0C1886E2DE008B0179 /* InfoPlist.strings */,
				22601F111886E2DE008B0179 /* HackcessAngels-Prefix.pch */,
			);
			name = "Supporting Files";
			sourceTree = "<group>";
		};
		22601F281886E2DE008B0179 /* HackcessAngelsTests */ = {
			isa = PBXGroup;
			children = (
				22601F2E1886E2DE008B0179 /* HackcessAngelsTests.m */,
				A1330B0918AD632E002B1828 /* HAUserTests.m */,
				A1AC4C5318B69AD2002EE7E6 /* HAUserServicesTests.m */,
				A1B064A518BFCBE60078EED5 /* user.json */,
				22601F291886E2DE008B0179 /* Supporting Files */,
			);
			path = HackcessAngelsTests;
			sourceTree = "<group>";
		};
		22601F291886E2DE008B0179 /* Supporting Files */ = {
			isa = PBXGroup;
			children = (
				8FF9DC681936552B00105C2C /* GarePontGarigliano.gpx */,
				22601F2A1886E2DE008B0179 /* HackcessAngelsTests-Info.plist */,
				22601F2B1886E2DE008B0179 /* InfoPlist.strings */,
			);
			name = "Supporting Files";
			sourceTree = "<group>";
		};
		229BEE321968450500D25B89 /* html */ = {
			isa = PBXGroup;
			children = (
				229BEE331968450500D25B89 /* assistance.html */,
				229BEE341968450500D25B89 /* cgu.html */,
				229BEE351968450500D25B89 /* fonts */,
				229BEE3E1968450500D25B89 /* style.css */,
				229BEE3F1968450500D25B89 /* uinfos.html */,
			);
			path = html;
			sourceTree = "<group>";
		};
		229BEE351968450500D25B89 /* fonts */ = {
			isa = PBXGroup;
			children = (
				229BEE361968450500D25B89 /* AvenirBlack.eot */,
				229BEE371968450500D25B89 /* AvenirBlack.ttf */,
				229BEE381968450500D25B89 /* AvenirBlack.woff */,
				229BEE391968450500D25B89 /* AvenirRoman.eot */,
				229BEE3A1968450500D25B89 /* AvenirRoman.svg */,
				229BEE3B1968450500D25B89 /* AvenirRoman.ttf */,
				229BEE3C1968450500D25B89 /* AvenirRoman.woff */,
				229BEE3D1968450500D25B89 /* modernpics-webfont.eot */,
			);
			path = fonts;
			sourceTree = "<group>";
		};
		8F57723C18DB7E5800D42D4F /* Agent */ = {
			isa = PBXGroup;
			children = (
				8FBFC37A192FD67500FC0004 /* main-agents.m */,
				8FBFC37C192FD67F00FC0004 /* AppDelegateAgents.h */,
				8FBFC37D192FD67F00FC0004 /* AppDelegateAgents.m */,
				0414A35A19098F8400D23472 /* model */,
				0414A35619098B9200D23472 /* Services */,
				043F17A818FC30BB00D23C3F /* HACallUserView.h */,
				043F17A918FC30BB00D23C3F /* HACallUserView.m */,
				22601F181886E2DE008B0179 /* HAMapViewController.h */,
				22601F191886E2DE008B0179 /* HAMapViewController.m */,
				8FBEAE45192A42190097E151 /* HAAgentHomeViewController.h */,
				8FBEAE46192A42190097E151 /* HAAgentHomeViewController.m */,
				0414A3531909890F00D23472 /* HAAgentViewController.h */,
				0414A3541909890F00D23472 /* HAAgentViewController.m */,
				04D14F2B193675EF00ED1B27 /* HAAgentUserProfileViewerViewController.h */,
				04D14F2C193675EF00ED1B27 /* HAAgentUserProfileViewerViewController.m */,
				8F57723818DB7D5600D42D4F /* Agent.storyboard */,
			);
			name = Agent;
			sourceTree = "<group>";
		};
		8F57723D18DB7E6400D42D4F /* User */ = {
			isa = PBXGroup;
			children = (
				22601F0F1886E2DE008B0179 /* main.m */,
				22601F121886E2DE008B0179 /* AppDelegate.h */,
				22601F131886E2DE008B0179 /* AppDelegate.m */,
				8FBEAE48192A4AE70097E151 /* Services */,
				222E375A18BA521C00E3B720 /* HAHelpViewController.h */,
				222E375B18BA521C00E3B720 /* HAHelpViewController.m */,
				22A90D671945B169007D116F /* HAHelpSuccessViewController.h */,
				22A90D681945B169007D116F /* HAHelpSuccessViewController.m */,
				04CFDD4A1945AD5500391C21 /* HAFirstProfilViewController.h */,
				04CFDD4B1945AD5500391C21 /* HAFirstProfilViewController.m */,
				04D14F2819366D2100ED1B27 /* EIUserProfilViewController.h */,
				04D14F2919366D2100ED1B27 /* EIUserProfilViewController.m */,
				22601F151886E2DE008B0179 /* Main.storyboard */,
				8F36E7EB196830A300E064E4 /* HAWebViewController.h */,
				8F36E7EC196830A300E064E4 /* HAWebViewController.m */,
			);
			name = User;
			sourceTree = "<group>";
		};
		8F57723E18DB7E9800D42D4F /* Shared */ = {
			isa = PBXGroup;
			children = (
				A1B80AA518D24384004EE4EA /* View */,
				8FCE639C18AD5DEF00D4C957 /* services */,
				22130C03188966F400191955 /* model */,
				222E375F18BA5B2F00E3B720 /* HALogViewController.h */,
				222E376018BA5B2F00E3B720 /* HALogViewController.m */,
			);
			name = Shared;
			sourceTree = "<group>";
		};
		8FBEAE48192A4AE70097E151 /* Services */ = {
			isa = PBXGroup;
			children = (
				8FCE639D18AD5E3E00D4C957 /* HAUserService.h */,
				8FCE639E18AD5E3E00D4C957 /* HAUserService.m */,
			);
			name = Services;
			sourceTree = "<group>";
		};
		8FCE639C18AD5DEF00D4C957 /* services */ = {
			isa = PBXGroup;
			children = (
				22DA835618B288610014CCA5 /* HAAssistanceService.h */,
				22DA835718B288610014CCA5 /* HAAssistanceService.m */,
				8F88460718BFBBB400595CA2 /* HALocationService.h */,
				8F88460818BFBBB400595CA2 /* HALocationService.m */,
				8F400A2618F1AE6C006B8342 /* HARestRequests.h */,
				8F400A2718F1AE6C006B8342 /* HARestRequests.m */,
				8FBEAE49192A4B120097E151 /* HAAbstractLoginService.h */,
			);
			name = services;
			sourceTree = "<group>";
		};
		A1B80AA518D24384004EE4EA /* View */ = {
			isa = PBXGroup;
			children = (
				A1B80AA618D243A3004EE4EA /* UIColor+HackcessAngels.h */,
				A1B80AA718D243A3004EE4EA /* UIColor+HackcessAngels.m */,
			);
			name = View;
			sourceTree = "<group>";
		};
/* End PBXGroup section */

/* Begin PBXNativeTarget section */
		22601EFF1886E2DE008B0179 /* HackcessAngels */ = {
			isa = PBXNativeTarget;
			buildConfigurationList = 22601F321886E2DE008B0179 /* Build configuration list for PBXNativeTarget "HackcessAngels" */;
			buildPhases = (
				FE3957D609B94134867A81BA /* Check Pods Manifest.lock */,
				22601EFC1886E2DE008B0179 /* Sources */,
				22601EFD1886E2DE008B0179 /* Frameworks */,
				22601EFE1886E2DE008B0179 /* Resources */,
				1251CCBC9B5C49069D766B0B /* Copy Pods Resources */,
			);
			buildRules = (
			);
			dependencies = (
			);
			name = HackcessAngels;
			productName = HackcessAngels;
			productReference = 22601F001886E2DE008B0179 /* Aide'Gare.app */;
			productType = "com.apple.product-type.application";
		};
		22601F201886E2DE008B0179 /* HackcessAngelsTests */ = {
			isa = PBXNativeTarget;
			buildConfigurationList = 22601F351886E2DE008B0179 /* Build configuration list for PBXNativeTarget "HackcessAngelsTests" */;
			buildPhases = (
				F51AE962C81E4C90A86CF551 /* Check Pods Manifest.lock */,
				22601F1D1886E2DE008B0179 /* Sources */,
				22601F1E1886E2DE008B0179 /* Frameworks */,
				22601F1F1886E2DE008B0179 /* Resources */,
				EADCA5F8D8174C2FBFDC7A8F /* Copy Pods Resources */,
			);
			buildRules = (
			);
			dependencies = (
				22601F271886E2DE008B0179 /* PBXTargetDependency */,
			);
			name = HackcessAngelsTests;
			productName = HackcessAngelsTests;
			productReference = 22601F211886E2DE008B0179 /* HackcessAngelsTests.xctest */;
			productType = "com.apple.product-type.bundle.unit-test";
		};
		A150294818DB7A81008FC4F1 /* HackcessAngelsAgents */ = {
			isa = PBXNativeTarget;
			buildConfigurationList = A150296818DB7A81008FC4F1 /* Build configuration list for PBXNativeTarget "HackcessAngelsAgents" */;
			buildPhases = (
				A150294918DB7A81008FC4F1 /* Check Pods Manifest.lock */,
				A150294A18DB7A81008FC4F1 /* Sources */,
				A150295B18DB7A81008FC4F1 /* Frameworks */,
				A150296218DB7A81008FC4F1 /* Resources */,
				A150296718DB7A81008FC4F1 /* Copy Pods Resources */,
			);
			buildRules = (
			);
			dependencies = (
			);
			name = HackcessAngelsAgents;
			productName = HackcessAngels;
			productReference = A150296B18DB7A81008FC4F1 /* Aide'Gare Agents.app */;
			productType = "com.apple.product-type.application";
		};
/* End PBXNativeTarget section */

/* Begin PBXProject section */
		22601EF81886E2DE008B0179 /* Project object */ = {
			isa = PBXProject;
			attributes = {
				LastUpgradeCheck = 0510;
				ORGANIZATIONNAME = "Hackcess Angels";
				TargetAttributes = {
					22601EFF1886E2DE008B0179 = {
						DevelopmentTeam = TNTAN9T4DZ;
						SystemCapabilities = {
							com.apple.BackgroundModes = {
								enabled = 0;
							};
						};
					};
					22601F201886E2DE008B0179 = {
						TestTargetID = 22601EFF1886E2DE008B0179;
					};
					A150294818DB7A81008FC4F1 = {
						DevelopmentTeam = TNTAN9T4DZ;
					};
				};
			};
			buildConfigurationList = 22601EFB1886E2DE008B0179 /* Build configuration list for PBXProject "hackcessangels" */;
			compatibilityVersion = "Xcode 3.2";
			developmentRegion = English;
			hasScannedForEncodings = 0;
			knownRegions = (
				en,
				Base,
			);
			mainGroup = 22601EF71886E2DE008B0179;
			productRefGroup = 22601F011886E2DE008B0179 /* Products */;
			projectDirPath = "";
			projectRoot = "";
			targets = (
				22601EFF1886E2DE008B0179 /* HackcessAngels */,
				A150294818DB7A81008FC4F1 /* HackcessAngelsAgents */,
				22601F201886E2DE008B0179 /* HackcessAngelsTests */,
			);
		};
/* End PBXProject section */

/* Begin PBXResourcesBuildPhase section */
		22601EFE1886E2DE008B0179 /* Resources */ = {
			isa = PBXResourcesBuildPhase;
			buildActionMask = 2147483647;
			files = (
				A1B80AA418D23DBF004EE4EA /* TODO.md in Resources */,
				22E95BDF1943592C0002B96C /* EnCours.png in Resources */,
				229BEE481968450500D25B89 /* AvenirBlack.woff in Resources */,
				229BEE561968450500D25B89 /* uinfos.html in Resources */,
				22601F1C1886E2DE008B0179 /* Images.xcassets in Resources */,
				224CD30419433D8800ACEEE9 /* Avenir.ttc in Resources */,
				229BEE4C1968450500D25B89 /* AvenirRoman.svg in Resources */,
				229BEE401968450500D25B89 /* assistance.html in Resources */,
				22E64B031937A62F00851BB8 /* help.png in Resources */,
				2244C95618FA8B55000B3C33 /* profil.jpg in Resources */,
				229BEE441968450500D25B89 /* AvenirBlack.eot in Resources */,
				229BEE521968450500D25B89 /* modernpics-webfont.eot in Resources */,
				22E64AFC1937A4C200851BB8 /* logoSncf4S.png in Resources */,
				22601F0E1886E2DE008B0179 /* InfoPlist.strings in Resources */,
				22E95BE01943592C0002B96C /* NonAboutie.png in Resources */,
				229BEE4A1968450500D25B89 /* AvenirRoman.eot in Resources */,
				22601F171886E2DE008B0179 /* Main.storyboard in Resources */,
				229BEE421968450500D25B89 /* cgu.html in Resources */,
				229BEE541968450500D25B89 /* style.css in Resources */,
				22E64AFF1937A4C200851BB8 /* logoSncf5S.png in Resources */,
				229BEE4E1968450500D25B89 /* AvenirRoman.ttf in Resources */,
				229BEE501968450500D25B89 /* AvenirRoman.woff in Resources */,
				229BEE461968450500D25B89 /* AvenirBlack.ttf in Resources */,
			);
			runOnlyForDeploymentPostprocessing = 0;
		};
		22601F1F1886E2DE008B0179 /* Resources */ = {
			isa = PBXResourcesBuildPhase;
			buildActionMask = 2147483647;
			files = (
				A1B064A618BFCBE60078EED5 /* user.json in Resources */,
				22601F2D1886E2DE008B0179 /* InfoPlist.strings in Resources */,
				22E64B051937A62F00851BB8 /* help.png in Resources */,
				2244C95818FA8B55000B3C33 /* profil.jpg in Resources */,
				22E64AFE1937A4C200851BB8 /* logoSncf4S.png in Resources */,
				8F57723A18DB7D5600D42D4F /* Agent.storyboard in Resources */,
				222E375E18BA52E100E3B720 /* Main.storyboard in Resources */,
				22E64B011937A4C200851BB8 /* logoSncf5S.png in Resources */,
			);
			runOnlyForDeploymentPostprocessing = 0;
		};
		A150296218DB7A81008FC4F1 /* Resources */ = {
			isa = PBXResourcesBuildPhase;
			buildActionMask = 2147483647;
			files = (
				A150296318DB7A81008FC4F1 /* TODO.md in Resources */,
				22E64AFD1937A4C200851BB8 /* logoSncf4S.png in Resources */,
				229BEE531968450500D25B89 /* modernpics-webfont.eot in Resources */,
				229BEE431968450500D25B89 /* cgu.html in Resources */,
				22E64B001937A4C200851BB8 /* logoSncf5S.png in Resources */,
				229BEE4D1968450500D25B89 /* AvenirRoman.svg in Resources */,
				229BEE571968450500D25B89 /* uinfos.html in Resources */,
				229BEE4F1968450500D25B89 /* AvenirRoman.ttf in Resources */,
				229BEE411968450500D25B89 /* assistance.html in Resources */,
				2297633818E4A58400CDE26A /* Main.storyboard in Resources */,
				224CD30519433D8800ACEEE9 /* Avenir.ttc in Resources */,
				229BEE4B1968450500D25B89 /* AvenirRoman.eot in Resources */,
				229BEE511968450500D25B89 /* AvenirRoman.woff in Resources */,
				A150296418DB7A81008FC4F1 /* Images.xcassets in Resources */,
				8F57723918DB7D5600D42D4F /* Agent.storyboard in Resources */,
				229BEE471968450500D25B89 /* AvenirBlack.ttf in Resources */,
				229BEE451968450500D25B89 /* AvenirBlack.eot in Resources */,
				229BEE551968450500D25B89 /* style.css in Resources */,
				22E64B041937A62F00851BB8 /* help.png in Resources */,
				A150296518DB7A81008FC4F1 /* InfoPlist.strings in Resources */,
				229BEE491968450500D25B89 /* AvenirBlack.woff in Resources */,
				2244C95718FA8B55000B3C33 /* profil.jpg in Resources */,
			);
			runOnlyForDeploymentPostprocessing = 0;
		};
/* End PBXResourcesBuildPhase section */

/* Begin PBXShellScriptBuildPhase section */
		1251CCBC9B5C49069D766B0B /* Copy Pods Resources */ = {
			isa = PBXShellScriptBuildPhase;
			buildActionMask = 2147483647;
			files = (
			);
			inputPaths = (
			);
			name = "Copy Pods Resources";
			outputPaths = (
			);
			runOnlyForDeploymentPostprocessing = 0;
			shellPath = /bin/sh;
			shellScript = "\"${SRCROOT}/Pods/Pods-resources.sh\"\n";
			showEnvVarsInLog = 0;
		};
		A150294918DB7A81008FC4F1 /* Check Pods Manifest.lock */ = {
			isa = PBXShellScriptBuildPhase;
			buildActionMask = 2147483647;
			files = (
			);
			inputPaths = (
			);
			name = "Check Pods Manifest.lock";
			outputPaths = (
			);
			runOnlyForDeploymentPostprocessing = 0;
			shellPath = /bin/sh;
			shellScript = "diff \"${PODS_ROOT}/../Podfile.lock\" \"${PODS_ROOT}/Manifest.lock\" > /dev/null\nif [[ $? != 0 ]] ; then\n    cat << EOM\nerror: The sandbox is not in sync with the Podfile.lock. Run 'pod install' or update your CocoaPods installation.\nEOM\n    exit 1\nfi\n";
			showEnvVarsInLog = 0;
		};
		A150296718DB7A81008FC4F1 /* Copy Pods Resources */ = {
			isa = PBXShellScriptBuildPhase;
			buildActionMask = 2147483647;
			files = (
			);
			inputPaths = (
			);
			name = "Copy Pods Resources";
			outputPaths = (
			);
			runOnlyForDeploymentPostprocessing = 0;
			shellPath = /bin/sh;
			shellScript = "\"${SRCROOT}/Pods/Pods-resources.sh\"\n";
			showEnvVarsInLog = 0;
		};
		EADCA5F8D8174C2FBFDC7A8F /* Copy Pods Resources */ = {
			isa = PBXShellScriptBuildPhase;
			buildActionMask = 2147483647;
			files = (
			);
			inputPaths = (
			);
			name = "Copy Pods Resources";
			outputPaths = (
			);
			runOnlyForDeploymentPostprocessing = 0;
			shellPath = /bin/sh;
			shellScript = "\"${SRCROOT}/Pods/Pods-HackcessAngelsTests-resources.sh\"\n";
			showEnvVarsInLog = 0;
		};
		F51AE962C81E4C90A86CF551 /* Check Pods Manifest.lock */ = {
			isa = PBXShellScriptBuildPhase;
			buildActionMask = 2147483647;
			files = (
			);
			inputPaths = (
			);
			name = "Check Pods Manifest.lock";
			outputPaths = (
			);
			runOnlyForDeploymentPostprocessing = 0;
			shellPath = /bin/sh;
			shellScript = "diff \"${PODS_ROOT}/../Podfile.lock\" \"${PODS_ROOT}/Manifest.lock\" > /dev/null\nif [[ $? != 0 ]] ; then\n    cat << EOM\nerror: The sandbox is not in sync with the Podfile.lock. Run 'pod install' or update your CocoaPods installation.\nEOM\n    exit 1\nfi\n";
			showEnvVarsInLog = 0;
		};
		FE3957D609B94134867A81BA /* Check Pods Manifest.lock */ = {
			isa = PBXShellScriptBuildPhase;
			buildActionMask = 2147483647;
			files = (
			);
			inputPaths = (
			);
			name = "Check Pods Manifest.lock";
			outputPaths = (
			);
			runOnlyForDeploymentPostprocessing = 0;
			shellPath = /bin/sh;
			shellScript = "diff \"${PODS_ROOT}/../Podfile.lock\" \"${PODS_ROOT}/Manifest.lock\" > /dev/null\nif [[ $? != 0 ]] ; then\n    cat << EOM\nerror: The sandbox is not in sync with the Podfile.lock. Run 'pod install' or update your CocoaPods installation.\nEOM\n    exit 1\nfi\n";
			showEnvVarsInLog = 0;
		};
/* End PBXShellScriptBuildPhase section */

/* Begin PBXSourcesBuildPhase section */
		22601EFC1886E2DE008B0179 /* Sources */ = {
			isa = PBXSourcesBuildPhase;
			buildActionMask = 2147483647;
			files = (
				222E376118BA5B2F00E3B720 /* HALogViewController.m in Sources */,
				8F88460918BFBBB400595CA2 /* HALocationService.m in Sources */,
				8F400A2818F1AE6C006B8342 /* HARestRequests.m in Sources */,
				22601F4018871EAC008B0179 /* HATileOverlayView.m in Sources */,
				22C9AB3618E20FDC008ED8D7 /* HACentralManager.m in Sources */,
				8FBEAE42192100DA0097E151 /* HAHelpRequest.m in Sources */,
				8FBEAE4419212BAF0097E151 /* HAAgent.m in Sources */,
				04CFDD4C1945AD5500391C21 /* HAFirstProfilViewController.m in Sources */,
				8FCE639F18AD5E3E00D4C957 /* HAUserService.m in Sources */,
				22601F141886E2DE008B0179 /* AppDelegate.m in Sources */,
				04D14F2A19366D2100ED1B27 /* EIUserProfilViewController.m in Sources */,
				22C9AB3C18E229D4008ED8D7 /* HAPeripheral.m in Sources */,
				22130C02188966E500191955 /* HALocalisation.m in Sources */,
				A1B80AA818D243A3004EE4EA /* UIColor+HackcessAngels.m in Sources */,
				8F36E7ED196830A300E064E4 /* HAWebViewController.m in Sources */,
				22601F101886E2DE008B0179 /* main.m in Sources */,
				A1330B0718AD62B5002B1828 /* HAUser.m in Sources */,
				222E375C18BA521C00E3B720 /* HAHelpViewController.m in Sources */,
				22DA835818B288610014CCA5 /* HAAssistanceService.m in Sources */,
				22A90D691945B169007D116F /* HAHelpSuccessViewController.m in Sources */,
				22601F3F18871EAC008B0179 /* HATileOverlay.m in Sources */,
			);
			runOnlyForDeploymentPostprocessing = 0;
		};
		22601F1D1886E2DE008B0179 /* Sources */ = {
			isa = PBXSourcesBuildPhase;
			buildActionMask = 2147483647;
			files = (
				22A90D6A1945B169007D116F /* HAHelpSuccessViewController.m in Sources */,
				22601F2F1886E2DE008B0179 /* HackcessAngelsTests.m in Sources */,
				222E375D18BA521C00E3B720 /* HAHelpViewController.m in Sources */,
				222E376218BA5B2F00E3B720 /* HALogViewController.m in Sources */,
				A1AC4C5418B69AD2002EE7E6 /* HAUserServicesTests.m in Sources */,
				8FCE63A018AD5E3E00D4C957 /* HAUserService.m in Sources */,
				22C9AB3818E20FDC008ED8D7 /* HACentralManager.m in Sources */,
				228D8F01190FE53B002AE6E2 /* HAUser.m in Sources */,
				22C9AB3E18E229D4008ED8D7 /* HAPeripheral.m in Sources */,
				A1B80AA918D243A3004EE4EA /* UIColor+HackcessAngels.m in Sources */,
				22DA835918B288610014CCA5 /* HAAssistanceService.m in Sources */,
				A1330B0A18AD632E002B1828 /* HAUserTests.m in Sources */,
			);
			runOnlyForDeploymentPostprocessing = 0;
		};
		A150294A18DB7A81008FC4F1 /* Sources */ = {
			isa = PBXSourcesBuildPhase;
			buildActionMask = 2147483647;
			files = (
				8F57723B18DB7DE600D42D4F /* HAHelpViewController.m in Sources */,
				A150294D18DB7A81008FC4F1 /* HAMapViewController.m in Sources */,
				8FBEAE4F192A62370097E151 /* HACurrentStationService.m in Sources */,
				8FBFC37B192FD67500FC0004 /* main-agents.m in Sources */,
				A150294F18DB7A81008FC4F1 /* HALocationService.m in Sources */,
				0414A35D19098FBB00D23472 /* HAAgentService.m in Sources */,
				0414A35919098BFB00D23472 /* HAAgent.m in Sources */,
				228D8F02190FE5A0002AE6E2 /* HAUserService.m in Sources */,
				8F9AFFA01901A3660027DE84 /* HARestRequests.m in Sources */,
				A150295018DB7A81008FC4F1 /* HATileOverlayView.m in Sources */,
				8FFCDF2B1940F3B700C7F376 /* HAAgentUserProfileViewerViewController.m in Sources */,
				22C9AB3718E20FDC008ED8D7 /* HACentralManager.m in Sources */,
				8FBFC37F192FD69F00FC0004 /* AppDelegateAgents.m in Sources */,
				22C9AB3D18E229D4008ED8D7 /* HAPeripheral.m in Sources */,
				A150295418DB7A81008FC4F1 /* HALocalisation.m in Sources */,
				A150295518DB7A81008FC4F1 /* UIColor+HackcessAngels.m in Sources */,
				8F57723718DB7D0A00D42D4F /* HALogViewController.m in Sources */,
				A150295918DB7A81008FC4F1 /* HAAssistanceService.m in Sources */,
				228D8F03190FE5D2002AE6E2 /* HAUser.m in Sources */,
				8FBEAE47192A42190097E151 /* HAAgentHomeViewController.m in Sources */,
				228D8F06190FE830002AE6E2 /* HARequestsService.m in Sources */,
				8FBEAE43192100DA0097E151 /* HAHelpRequest.m in Sources */,
				0414A3551909890F00D23472 /* HAAgentViewController.m in Sources */,
				A150295A18DB7A81008FC4F1 /* HATileOverlay.m in Sources */,
				043F17AC1901A37900D23C3F /* HACallUserView.m in Sources */,
			);
			runOnlyForDeploymentPostprocessing = 0;
		};
/* End PBXSourcesBuildPhase section */

/* Begin PBXTargetDependency section */
		22601F271886E2DE008B0179 /* PBXTargetDependency */ = {
			isa = PBXTargetDependency;
			target = 22601EFF1886E2DE008B0179 /* HackcessAngels */;
			targetProxy = 22601F261886E2DE008B0179 /* PBXContainerItemProxy */;
		};
/* End PBXTargetDependency section */

/* Begin PBXVariantGroup section */
		22601F0C1886E2DE008B0179 /* InfoPlist.strings */ = {
			isa = PBXVariantGroup;
			children = (
				22601F0D1886E2DE008B0179 /* en */,
			);
			name = InfoPlist.strings;
			sourceTree = "<group>";
		};
		22601F151886E2DE008B0179 /* Main.storyboard */ = {
			isa = PBXVariantGroup;
			children = (
				22601F161886E2DE008B0179 /* Base */,
			);
			name = Main.storyboard;
			sourceTree = "<group>";
		};
		22601F2B1886E2DE008B0179 /* InfoPlist.strings */ = {
			isa = PBXVariantGroup;
			children = (
				22601F2C1886E2DE008B0179 /* en */,
			);
			name = InfoPlist.strings;
			sourceTree = "<group>";
		};
/* End PBXVariantGroup section */

/* Begin XCBuildConfiguration section */
		22601F301886E2DE008B0179 /* Debug */ = {
			isa = XCBuildConfiguration;
			buildSettings = {
				ALWAYS_SEARCH_USER_PATHS = NO;
				CLANG_CXX_LANGUAGE_STANDARD = "gnu++0x";
				CLANG_CXX_LIBRARY = "libc++";
				CLANG_ENABLE_MODULES = YES;
				CLANG_ENABLE_OBJC_ARC = YES;
				CLANG_WARN_BOOL_CONVERSION = YES;
				CLANG_WARN_CONSTANT_CONVERSION = YES;
				CLANG_WARN_DIRECT_OBJC_ISA_USAGE = YES_ERROR;
				CLANG_WARN_EMPTY_BODY = YES;
				CLANG_WARN_ENUM_CONVERSION = YES;
				CLANG_WARN_INT_CONVERSION = YES;
				CLANG_WARN_OBJC_ROOT_CLASS = YES_ERROR;
				CLANG_WARN__DUPLICATE_METHOD_MATCH = YES;
				"CODE_SIGN_IDENTITY[sdk=iphoneos*]" = "iPhone Developer";
				COPY_PHASE_STRIP = NO;
				GCC_C_LANGUAGE_STANDARD = gnu99;
				GCC_DYNAMIC_NO_PIC = NO;
				GCC_OPTIMIZATION_LEVEL = 0;
				GCC_PREPROCESSOR_DEFINITIONS = (
					"DEBUG=1",
					"$(inherited)",
				);
				GCC_SYMBOLS_PRIVATE_EXTERN = NO;
				GCC_WARN_64_TO_32_BIT_CONVERSION = YES;
				GCC_WARN_ABOUT_RETURN_TYPE = YES_ERROR;
				GCC_WARN_UNDECLARED_SELECTOR = YES;
				GCC_WARN_UNINITIALIZED_AUTOS = YES;
				GCC_WARN_UNUSED_FUNCTION = YES;
				GCC_WARN_UNUSED_VARIABLE = YES;
				IPHONEOS_DEPLOYMENT_TARGET = 7.0;
				ONLY_ACTIVE_ARCH = YES;
				SDKROOT = iphoneos;
			};
			name = Debug;
		};
		22601F311886E2DE008B0179 /* Release */ = {
			isa = XCBuildConfiguration;
			buildSettings = {
				ALWAYS_SEARCH_USER_PATHS = NO;
				CLANG_CXX_LANGUAGE_STANDARD = "gnu++0x";
				CLANG_CXX_LIBRARY = "libc++";
				CLANG_ENABLE_MODULES = YES;
				CLANG_ENABLE_OBJC_ARC = YES;
				CLANG_WARN_BOOL_CONVERSION = YES;
				CLANG_WARN_CONSTANT_CONVERSION = YES;
				CLANG_WARN_DIRECT_OBJC_ISA_USAGE = YES_ERROR;
				CLANG_WARN_EMPTY_BODY = YES;
				CLANG_WARN_ENUM_CONVERSION = YES;
				CLANG_WARN_INT_CONVERSION = YES;
				CLANG_WARN_OBJC_ROOT_CLASS = YES_ERROR;
				CLANG_WARN__DUPLICATE_METHOD_MATCH = YES;
				"CODE_SIGN_IDENTITY[sdk=iphoneos*]" = "iPhone Developer";
				COPY_PHASE_STRIP = YES;
				ENABLE_NS_ASSERTIONS = NO;
				GCC_C_LANGUAGE_STANDARD = gnu99;
				GCC_WARN_64_TO_32_BIT_CONVERSION = YES;
				GCC_WARN_ABOUT_RETURN_TYPE = YES_ERROR;
				GCC_WARN_UNDECLARED_SELECTOR = YES;
				GCC_WARN_UNINITIALIZED_AUTOS = YES;
				GCC_WARN_UNUSED_FUNCTION = YES;
				GCC_WARN_UNUSED_VARIABLE = YES;
				IPHONEOS_DEPLOYMENT_TARGET = 7.0;
				SDKROOT = iphoneos;
				VALIDATE_PRODUCT = YES;
			};
			name = Release;
		};
		22601F331886E2DE008B0179 /* Debug */ = {
			isa = XCBuildConfiguration;
			baseConfigurationReference = 75B5CDE6C7954202AF2565B3 /* Pods.xcconfig */;
			buildSettings = {
				ASSETCATALOG_COMPILER_APPICON_NAME = AppIcon;
				ASSETCATALOG_COMPILER_LAUNCHIMAGE_NAME = LaunchImage;
				CLANG_ENABLE_OBJC_ARC = YES;
				CODE_SIGN_IDENTITY = "iPhone Developer";
				"CODE_SIGN_IDENTITY[sdk=iphoneos*]" = "iPhone Developer";
				GCC_PRECOMPILE_PREFIX_HEADER = YES;
				GCC_PREFIX_HEADER = "HackcessAngels/HackcessAngels-Prefix.pch";
				INFOPLIST_FILE = "HackcessAngels/HackcessAngels-Info.plist";
				PRODUCT_NAME = "Aide'Gare";
				PROVISIONING_PROFILE = "";
				WRAPPER_EXTENSION = app;
			};
			name = Debug;
		};
		22601F341886E2DE008B0179 /* Release */ = {
			isa = XCBuildConfiguration;
			baseConfigurationReference = 75B5CDE6C7954202AF2565B3 /* Pods.xcconfig */;
			buildSettings = {
				ASSETCATALOG_COMPILER_APPICON_NAME = AppIcon;
				ASSETCATALOG_COMPILER_LAUNCHIMAGE_NAME = LaunchImage;
				CLANG_ENABLE_OBJC_ARC = YES;
				CODE_SIGN_IDENTITY = "iPhone Developer";
				"CODE_SIGN_IDENTITY[sdk=iphoneos*]" = "iPhone Developer";
				GCC_PRECOMPILE_PREFIX_HEADER = YES;
				GCC_PREFIX_HEADER = "HackcessAngels/HackcessAngels-Prefix.pch";
				INFOPLIST_FILE = "HackcessAngels/HackcessAngels-Info.plist";
				PRODUCT_NAME = "Aide'Gare";
				PROVISIONING_PROFILE = "";
				WRAPPER_EXTENSION = app;
			};
			name = Release;
		};
		22601F361886E2DE008B0179 /* Debug */ = {
			isa = XCBuildConfiguration;
			baseConfigurationReference = B81C1F48A9394E3D818E00EB /* Pods-HackcessAngelsTests.xcconfig */;
			buildSettings = {
				BUNDLE_LOADER = "$(BUILT_PRODUCTS_DIR)/HackcessAngels.app/HackcessAngels";
				CLANG_ENABLE_OBJC_ARC = YES;
				FRAMEWORK_SEARCH_PATHS = (
					"$(SDKROOT)/Developer/Library/Frameworks",
					"$(inherited)",
					"$(DEVELOPER_FRAMEWORKS_DIR)",
				);
				GCC_PRECOMPILE_PREFIX_HEADER = YES;
				GCC_PREFIX_HEADER = "HackcessAngels/HackcessAngels-Prefix.pch";
				GCC_PREPROCESSOR_DEFINITIONS = (
					"DEBUG=1",
					"$(inherited)",
				);
				INFOPLIST_FILE = "HackcessAngelsTests/HackcessAngelsTests-Info.plist";
				PRODUCT_NAME = "$(TARGET_NAME)";
				TEST_HOST = "$(BUNDLE_LOADER)";
				WRAPPER_EXTENSION = xctest;
			};
			name = Debug;
		};
		22601F371886E2DE008B0179 /* Release */ = {
			isa = XCBuildConfiguration;
			baseConfigurationReference = B81C1F48A9394E3D818E00EB /* Pods-HackcessAngelsTests.xcconfig */;
			buildSettings = {
				BUNDLE_LOADER = "$(BUILT_PRODUCTS_DIR)/HackcessAngels.app/HackcessAngels";
				CLANG_ENABLE_OBJC_ARC = YES;
				FRAMEWORK_SEARCH_PATHS = (
					"$(SDKROOT)/Developer/Library/Frameworks",
					"$(inherited)",
					"$(DEVELOPER_FRAMEWORKS_DIR)",
				);
				GCC_PRECOMPILE_PREFIX_HEADER = YES;
				GCC_PREFIX_HEADER = "HackcessAngels/HackcessAngels-Prefix.pch";
				INFOPLIST_FILE = "HackcessAngelsTests/HackcessAngelsTests-Info.plist";
				PRODUCT_NAME = "$(TARGET_NAME)";
				TEST_HOST = "$(BUNDLE_LOADER)";
				WRAPPER_EXTENSION = xctest;
			};
			name = Release;
		};
		A150296918DB7A81008FC4F1 /* Debug */ = {
			isa = XCBuildConfiguration;
			baseConfigurationReference = 75B5CDE6C7954202AF2565B3 /* Pods.xcconfig */;
			buildSettings = {
				ASSETCATALOG_COMPILER_APPICON_NAME = AppIcon;
				ASSETCATALOG_COMPILER_LAUNCHIMAGE_NAME = LaunchImage;
				CLANG_ENABLE_OBJC_ARC = YES;
				CODE_SIGN_IDENTITY = "iPhone Developer";
				"CODE_SIGN_IDENTITY[sdk=iphoneos*]" = "iPhone Developer";
				GCC_PRECOMPILE_PREFIX_HEADER = YES;
				GCC_PREFIX_HEADER = "HackcessAngels/HackcessAngels-Prefix.pch";
				INFOPLIST_FILE = "HackcessAngels copy-Info.plist";
				PRODUCT_NAME = "Aide'Gare Agents";
				PROVISIONING_PROFILE = "";
				WRAPPER_EXTENSION = app;
			};
			name = Debug;
		};
		A150296A18DB7A81008FC4F1 /* Release */ = {
			isa = XCBuildConfiguration;
			baseConfigurationReference = 75B5CDE6C7954202AF2565B3 /* Pods.xcconfig */;
			buildSettings = {
				ASSETCATALOG_COMPILER_APPICON_NAME = AppIcon;
				ASSETCATALOG_COMPILER_LAUNCHIMAGE_NAME = LaunchImage;
				CLANG_ENABLE_OBJC_ARC = YES;
				CODE_SIGN_IDENTITY = "iPhone Developer";
				"CODE_SIGN_IDENTITY[sdk=iphoneos*]" = "iPhone Developer";
				GCC_PRECOMPILE_PREFIX_HEADER = YES;
				GCC_PREFIX_HEADER = "HackcessAngels/HackcessAngels-Prefix.pch";
				INFOPLIST_FILE = "HackcessAngels copy-Info.plist";
				PRODUCT_NAME = "Aide'Gare Agents";
				PROVISIONING_PROFILE = "";
				WRAPPER_EXTENSION = app;
			};
			name = Release;
		};
/* End XCBuildConfiguration section */

/* Begin XCConfigurationList section */
		22601EFB1886E2DE008B0179 /* Build configuration list for PBXProject "hackcessangels" */ = {
			isa = XCConfigurationList;
			buildConfigurations = (
				22601F301886E2DE008B0179 /* Debug */,
				22601F311886E2DE008B0179 /* Release */,
			);
			defaultConfigurationIsVisible = 0;
			defaultConfigurationName = Release;
		};
		22601F321886E2DE008B0179 /* Build configuration list for PBXNativeTarget "HackcessAngels" */ = {
			isa = XCConfigurationList;
			buildConfigurations = (
				22601F331886E2DE008B0179 /* Debug */,
				22601F341886E2DE008B0179 /* Release */,
			);
			defaultConfigurationIsVisible = 0;
			defaultConfigurationName = Release;
		};
		22601F351886E2DE008B0179 /* Build configuration list for PBXNativeTarget "HackcessAngelsTests" */ = {
			isa = XCConfigurationList;
			buildConfigurations = (
				22601F361886E2DE008B0179 /* Debug */,
				22601F371886E2DE008B0179 /* Release */,
			);
			defaultConfigurationIsVisible = 0;
			defaultConfigurationName = Release;
		};
		A150296818DB7A81008FC4F1 /* Build configuration list for PBXNativeTarget "HackcessAngelsAgents" */ = {
			isa = XCConfigurationList;
			buildConfigurations = (
				A150296918DB7A81008FC4F1 /* Debug */,
				A150296A18DB7A81008FC4F1 /* Release */,
			);
			defaultConfigurationIsVisible = 0;
			defaultConfigurationName = Release;
		};
/* End XCConfigurationList section */
	};
	rootObject = 22601EF81886E2DE008B0179 /* Project object */;
}
